
Microsoft Visual Studio Solution File, Format Version 12.00
# Visual Studio Version 17
VisualStudioVersion = 17.11.35222.181
MinimumVisualStudioVersion = 10.0.40219.1
Project("{FAE04EC0-301F-11D3-BF4B-00C04F79EFBC}") = "Sprawdzian", "Sprawdzian\Sprawdzian.csproj", "{EC7B4C13-2275-4F0A-9F0D-E5C47ADBEC05}"
EndProject
Global
	GlobalSection(SolutionConfigurationPlatforms) = preSolution
		Debug|Any CPU = Debug|Any CPU
		Release|Any CPU = Release|Any CPU
	EndGlobalSection
	GlobalSection(ProjectConfigurationPlatforms) = postSolution
		{EC7B4C13-2275-4F0A-9F0D-E5C47ADBEC05}.Debug|Any CPU.ActiveCfg = Debug|Any CPU
		{EC7B4C13-2275-4F0A-9F0D-E5C47ADBEC05}.Debug|Any CPU.Build.0 = Debug|Any CPU
		{EC7B4C13-2275-4F0A-9F0D-E5C47ADBEC05}.Release|Any CPU.ActiveCfg = Release|Any CPU
		{EC7B4C13-2275-4F0A-9F0D-E5C47ADBEC05}.Release|Any CPU.Build.0 = Release|Any CPU
	EndGlobalSection
	GlobalSection(SolutionProperties) = preSolution
		HideSolutionNode = FALSE
	EndGlobalSection
	GlobalSection(ExtensibilityGlobals) = postSolution
		SolutionGuid = {9D2D5F73-5C28-4999-A92E-912B5E27E9B6}
	EndGlobalSection
EndGlobal
